// !$*UTF8*$!
{
	archiveVersion = 1;
	classes = {
	};
	objectVersion = 46;
	objects = {

/* Begin PBXBuildFile section */
		45041D3C1D810CB4005D7DDB /* HeadController.storyboard in Resources */ = {isa = PBXBuildFile; fileRef = 45041D3B1D810CB4005D7DDB /* HeadController.storyboard */; };
		45041D3E1D810CC3005D7DDB /* SettingController.storyboard in Resources */ = {isa = PBXBuildFile; fileRef = 45041D3D1D810CC3005D7DDB /* SettingController.storyboard */; };
		45041D401D810CEF005D7DDB /* SettingController.swift in Sources */ = {isa = PBXBuildFile; fileRef = 45041D3F1D810CEF005D7DDB /* SettingController.swift */; };
		45041D421D810D03005D7DDB /* HeadController.swift in Sources */ = {isa = PBXBuildFile; fileRef = 45041D411D810D03005D7DDB /* HeadController.swift */; };
		45041D441D815BE6005D7DDB /* SearchController.swift in Sources */ = {isa = PBXBuildFile; fileRef = 45041D431D815BE6005D7DDB /* SearchController.swift */; };
		45041D461D815BF4005D7DDB /* SearchController.storyboard in Resources */ = {isa = PBXBuildFile; fileRef = 45041D451D815BF4005D7DDB /* SearchController.storyboard */; };
		45041D481D817092005D7DDB /* SearchCell.swift in Sources */ = {isa = PBXBuildFile; fileRef = 45041D471D817092005D7DDB /* SearchCell.swift */; };
		451D10801D7D5C4700D74664 /* HomeController.storyboard in Resources */ = {isa = PBXBuildFile; fileRef = 451D107F1D7D5C4700D74664 /* HomeController.storyboard */; };
		451D10821D7D5C5000D74664 /* MineController.storyboard in Resources */ = {isa = PBXBuildFile; fileRef = 451D10811D7D5C5000D74664 /* MineController.storyboard */; };
		451D10881D7D5CF600D74664 /* AddController.storyboard in Resources */ = {isa = PBXBuildFile; fileRef = 451D10871D7D5CF600D74664 /* AddController.storyboard */; };
		451D108A1D7D5D0700D74664 /* AddController.swift in Sources */ = {isa = PBXBuildFile; fileRef = 451D10891D7D5D0700D74664 /* AddController.swift */; };
		451D108C1D7D5EAF00D74664 /* MainTabBar.swift in Sources */ = {isa = PBXBuildFile; fileRef = 451D108B1D7D5EAF00D74664 /* MainTabBar.swift */; };
		451D108E1D7D5F3800D74664 /* UIButton+Extension.swift in Sources */ = {isa = PBXBuildFile; fileRef = 451D108D1D7D5F3800D74664 /* UIButton+Extension.swift */; };
		451D10901D7D8ECD00D74664 /* LoginController.swift in Sources */ = {isa = PBXBuildFile; fileRef = 451D108F1D7D8ECD00D74664 /* LoginController.swift */; };
		454EC4F81D7E66E600C86EAB /* MainTabBar.storyboard in Resources */ = {isa = PBXBuildFile; fileRef = 454EC4F71D7E66E600C86EAB /* MainTabBar.storyboard */; };
		454EC4FE1D7E92C600C86EAB /* TitleButton.swift in Sources */ = {isa = PBXBuildFile; fileRef = 454EC4FD1D7E92C600C86EAB /* TitleButton.swift */; };
		454EC5021D7EACE600C86EAB /* CommonFile.swift in Sources */ = {isa = PBXBuildFile; fileRef = 454EC5011D7EACE600C86EAB /* CommonFile.swift */; };
		45631A231D7FC14A00FB7902 /* MineData.swift in Sources */ = {isa = PBXBuildFile; fileRef = 45631A221D7FC14A00FB7902 /* MineData.swift */; };
		45631A251D7FC53300FB7902 /* MineModel.swift in Sources */ = {isa = PBXBuildFile; fileRef = 45631A241D7FC53300FB7902 /* MineModel.swift */; };
		45631A271D7FEE1000FB7902 /* MineCell.swift in Sources */ = {isa = PBXBuildFile; fileRef = 45631A261D7FEE1000FB7902 /* MineCell.swift */; };
		45631A291D801E1300FB7902 /* MineBigModel.swift in Sources */ = {isa = PBXBuildFile; fileRef = 45631A281D801E1300FB7902 /* MineBigModel.swift */; };
		45631A2B1D8030B800FB7902 /* RecommentCell.swift in Sources */ = {isa = PBXBuildFile; fileRef = 45631A2A1D8030B800FB7902 /* RecommentCell.swift */; };
		457AB3281D7D44DA007C7E13 /* AppDelegate.swift in Sources */ = {isa = PBXBuildFile; fileRef = 457AB3271D7D44DA007C7E13 /* AppDelegate.swift */; };
		457AB32D1D7D44DA007C7E13 /* Main.storyboard in Resources */ = {isa = PBXBuildFile; fileRef = 457AB32B1D7D44DA007C7E13 /* Main.storyboard */; };
		457AB3301D7D44DA007C7E13 /* AskProject.xcdatamodeld in Sources */ = {isa = PBXBuildFile; fileRef = 457AB32E1D7D44DA007C7E13 /* AskProject.xcdatamodeld */; };
		457AB3321D7D44DA007C7E13 /* Assets.xcassets in Resources */ = {isa = PBXBuildFile; fileRef = 457AB3311D7D44DA007C7E13 /* Assets.xcassets */; };
		457AB3351D7D44DA007C7E13 /* LaunchScreen.storyboard in Resources */ = {isa = PBXBuildFile; fileRef = 457AB3331D7D44DA007C7E13 /* LaunchScreen.storyboard */; };
		457AB3401D7D44DA007C7E13 /* AskProjectTests.swift in Sources */ = {isa = PBXBuildFile; fileRef = 457AB33F1D7D44DA007C7E13 /* AskProjectTests.swift */; };
		457AB34B1D7D44DA007C7E13 /* AskProjectUITests.swift in Sources */ = {isa = PBXBuildFile; fileRef = 457AB34A1D7D44DA007C7E13 /* AskProjectUITests.swift */; };
		457AB3701D7D5040007C7E13 /* MineController.swift in Sources */ = {isa = PBXBuildFile; fileRef = 457AB36F1D7D5040007C7E13 /* MineController.swift */; };
		457AB3721D7D5060007C7E13 /* HomeController.swift in Sources */ = {isa = PBXBuildFile; fileRef = 457AB3711D7D5060007C7E13 /* HomeController.swift */; };
		457AB3781D7D5382007C7E13 /* LoginController.storyboard in Resources */ = {isa = PBXBuildFile; fileRef = 457AB3771D7D5382007C7E13 /* LoginController.storyboard */; };
		458325FE1D83B71800CF7C2C /* CareQuestionController.swift in Sources */ = {isa = PBXBuildFile; fileRef = 458325FD1D83B71800CF7C2C /* CareQuestionController.swift */; };
		458326001D83B73900CF7C2C /* CareQuestionController.storyboard in Resources */ = {isa = PBXBuildFile; fileRef = 458325FF1D83B73900CF7C2C /* CareQuestionController.storyboard */; };
/* End PBXBuildFile section */

/* Begin PBXContainerItemProxy section */
		457AB33C1D7D44DA007C7E13 /* PBXContainerItemProxy */ = {
			isa = PBXContainerItemProxy;
			containerPortal = 457AB31C1D7D44DA007C7E13 /* Project object */;
			proxyType = 1;
			remoteGlobalIDString = 457AB3231D7D44DA007C7E13;
			remoteInfo = AskProject;
		};
		457AB3471D7D44DA007C7E13 /* PBXContainerItemProxy */ = {
			isa = PBXContainerItemProxy;
			containerPortal = 457AB31C1D7D44DA007C7E13 /* Project object */;
			proxyType = 1;
			remoteGlobalIDString = 457AB3231D7D44DA007C7E13;
			remoteInfo = AskProject;
		};
/* End PBXContainerItemProxy section */

/* Begin PBXFileReference section */
		45041D3B1D810CB4005D7DDB /* HeadController.storyboard */ = {isa = PBXFileReference; fileEncoding = 4; lastKnownFileType = file.storyboard; path = HeadController.storyboard; sourceTree = "<group>"; };
		45041D3D1D810CC3005D7DDB /* SettingController.storyboard */ = {isa = PBXFileReference; fileEncoding = 4; lastKnownFileType = file.storyboard; path = SettingController.storyboard; sourceTree = "<group>"; };
		45041D3F1D810CEF005D7DDB /* SettingController.swift */ = {isa = PBXFileReference; fileEncoding = 4; lastKnownFileType = sourcecode.swift; path = SettingController.swift; sourceTree = "<group>"; };
		45041D411D810D03005D7DDB /* HeadController.swift */ = {isa = PBXFileReference; fileEncoding = 4; lastKnownFileType = sourcecode.swift; path = HeadController.swift; sourceTree = "<group>"; };
		45041D431D815BE6005D7DDB /* SearchController.swift */ = {isa = PBXFileReference; fileEncoding = 4; lastKnownFileType = sourcecode.swift; path = SearchController.swift; sourceTree = "<group>"; };
		45041D451D815BF4005D7DDB /* SearchController.storyboard */ = {isa = PBXFileReference; fileEncoding = 4; lastKnownFileType = file.storyboard; path = SearchController.storyboard; sourceTree = "<group>"; };
		45041D471D817092005D7DDB /* SearchCell.swift */ = {isa = PBXFileReference; fileEncoding = 4; lastKnownFileType = sourcecode.swift; path = SearchCell.swift; sourceTree = "<group>"; };
		451D107F1D7D5C4700D74664 /* HomeController.storyboard */ = {isa = PBXFileReference; fileEncoding = 4; lastKnownFileType = file.storyboard; path = HomeController.storyboard; sourceTree = "<group>"; };
		451D10811D7D5C5000D74664 /* MineController.storyboard */ = {isa = PBXFileReference; fileEncoding = 4; lastKnownFileType = file.storyboard; path = MineController.storyboard; sourceTree = "<group>"; };
		451D10871D7D5CF600D74664 /* AddController.storyboard */ = {isa = PBXFileReference; fileEncoding = 4; lastKnownFileType = file.storyboard; path = AddController.storyboard; sourceTree = "<group>"; };
		451D10891D7D5D0700D74664 /* AddController.swift */ = {isa = PBXFileReference; fileEncoding = 4; lastKnownFileType = sourcecode.swift; path = AddController.swift; sourceTree = "<group>"; };
		451D108B1D7D5EAF00D74664 /* MainTabBar.swift */ = {isa = PBXFileReference; fileEncoding = 4; lastKnownFileType = sourcecode.swift; path = MainTabBar.swift; sourceTree = "<group>"; };
		451D108D1D7D5F3800D74664 /* UIButton+Extension.swift */ = {isa = PBXFileReference; fileEncoding = 4; lastKnownFileType = sourcecode.swift; path = "UIButton+Extension.swift"; sourceTree = "<group>"; };
		451D108F1D7D8ECD00D74664 /* LoginController.swift */ = {isa = PBXFileReference; fileEncoding = 4; lastKnownFileType = sourcecode.swift; path = LoginController.swift; sourceTree = "<group>"; };
		454EC4F71D7E66E600C86EAB /* MainTabBar.storyboard */ = {isa = PBXFileReference; fileEncoding = 4; lastKnownFileType = file.storyboard; path = MainTabBar.storyboard; sourceTree = "<group>"; };
		454EC4FD1D7E92C600C86EAB /* TitleButton.swift */ = {isa = PBXFileReference; fileEncoding = 4; lastKnownFileType = sourcecode.swift; path = TitleButton.swift; sourceTree = "<group>"; };
		454EC5011D7EACE600C86EAB /* CommonFile.swift */ = {isa = PBXFileReference; fileEncoding = 4; lastKnownFileType = sourcecode.swift; path = CommonFile.swift; sourceTree = "<group>"; };
		45631A221D7FC14A00FB7902 /* MineData.swift */ = {isa = PBXFileReference; fileEncoding = 4; lastKnownFileType = sourcecode.swift; path = MineData.swift; sourceTree = "<group>"; };
		45631A241D7FC53300FB7902 /* MineModel.swift */ = {isa = PBXFileReference; fileEncoding = 4; lastKnownFileType = sourcecode.swift; path = MineModel.swift; sourceTree = "<group>"; };
		45631A261D7FEE1000FB7902 /* MineCell.swift */ = {isa = PBXFileReference; fileEncoding = 4; lastKnownFileType = sourcecode.swift; path = MineCell.swift; sourceTree = "<group>"; };
		45631A281D801E1300FB7902 /* MineBigModel.swift */ = {isa = PBXFileReference; fileEncoding = 4; lastKnownFileType = sourcecode.swift; path = MineBigModel.swift; sourceTree = "<group>"; };
		45631A2A1D8030B800FB7902 /* RecommentCell.swift */ = {isa = PBXFileReference; fileEncoding = 4; lastKnownFileType = sourcecode.swift; path = RecommentCell.swift; sourceTree = "<group>"; };
		457AB3241D7D44DA007C7E13 /* AskProject.app */ = {isa = PBXFileReference; explicitFileType = wrapper.application; includeInIndex = 0; path = AskProject.app; sourceTree = BUILT_PRODUCTS_DIR; };
		457AB3271D7D44DA007C7E13 /* AppDelegate.swift */ = {isa = PBXFileReference; lastKnownFileType = sourcecode.swift; path = AppDelegate.swift; sourceTree = "<group>"; };
		457AB32C1D7D44DA007C7E13 /* Base */ = {isa = PBXFileReference; lastKnownFileType = file.storyboard; name = Base; path = Base.lproj/Main.storyboard; sourceTree = "<group>"; };
		457AB32F1D7D44DA007C7E13 /* AskProject.xcdatamodel */ = {isa = PBXFileReference; lastKnownFileType = wrapper.xcdatamodel; path = AskProject.xcdatamodel; sourceTree = "<group>"; };
		457AB3311D7D44DA007C7E13 /* Assets.xcassets */ = {isa = PBXFileReference; lastKnownFileType = folder.assetcatalog; path = Assets.xcassets; sourceTree = "<group>"; };
		457AB3341D7D44DA007C7E13 /* Base */ = {isa = PBXFileReference; lastKnownFileType = file.storyboard; name = Base; path = Base.lproj/LaunchScreen.storyboard; sourceTree = "<group>"; };
		457AB3361D7D44DA007C7E13 /* Info.plist */ = {isa = PBXFileReference; lastKnownFileType = text.plist.xml; path = Info.plist; sourceTree = "<group>"; };
		457AB33B1D7D44DA007C7E13 /* AskProjectTests.xctest */ = {isa = PBXFileReference; explicitFileType = wrapper.cfbundle; includeInIndex = 0; path = AskProjectTests.xctest; sourceTree = BUILT_PRODUCTS_DIR; };
		457AB33F1D7D44DA007C7E13 /* AskProjectTests.swift */ = {isa = PBXFileReference; lastKnownFileType = sourcecode.swift; path = AskProjectTests.swift; sourceTree = "<group>"; };
		457AB3411D7D44DA007C7E13 /* Info.plist */ = {isa = PBXFileReference; lastKnownFileType = text.plist.xml; path = Info.plist; sourceTree = "<group>"; };
		457AB3461D7D44DA007C7E13 /* AskProjectUITests.xctest */ = {isa = PBXFileReference; explicitFileType = wrapper.cfbundle; includeInIndex = 0; path = AskProjectUITests.xctest; sourceTree = BUILT_PRODUCTS_DIR; };
		457AB34A1D7D44DA007C7E13 /* AskProjectUITests.swift */ = {isa = PBXFileReference; lastKnownFileType = sourcecode.swift; path = AskProjectUITests.swift; sourceTree = "<group>"; };
		457AB34C1D7D44DA007C7E13 /* Info.plist */ = {isa = PBXFileReference; lastKnownFileType = text.plist.xml; path = Info.plist; sourceTree = "<group>"; };
		457AB36F1D7D5040007C7E13 /* MineController.swift */ = {isa = PBXFileReference; fileEncoding = 4; lastKnownFileType = sourcecode.swift; path = MineController.swift; sourceTree = "<group>"; };
		457AB3711D7D5060007C7E13 /* HomeController.swift */ = {isa = PBXFileReference; fileEncoding = 4; lastKnownFileType = sourcecode.swift; path = HomeController.swift; sourceTree = "<group>"; };
		457AB3771D7D5382007C7E13 /* LoginController.storyboard */ = {isa = PBXFileReference; fileEncoding = 4; lastKnownFileType = file.storyboard; path = LoginController.storyboard; sourceTree = "<group>"; };
		458325FD1D83B71800CF7C2C /* CareQuestionController.swift */ = {isa = PBXFileReference; fileEncoding = 4; lastKnownFileType = sourcecode.swift; path = CareQuestionController.swift; sourceTree = "<group>"; };
		458325FF1D83B73900CF7C2C /* CareQuestionController.storyboard */ = {isa = PBXFileReference; fileEncoding = 4; lastKnownFileType = file.storyboard; path = CareQuestionController.storyboard; sourceTree = "<group>"; };
/* End PBXFileReference section */

/* Begin PBXFrameworksBuildPhase section */
		457AB3211D7D44DA007C7E13 /* Frameworks */ = {
			isa = PBXFrameworksBuildPhase;
			buildActionMask = 2147483647;
			files = (
			);
			runOnlyForDeploymentPostprocessing = 0;
		};
		457AB3381D7D44DA007C7E13 /* Frameworks */ = {
			isa = PBXFrameworksBuildPhase;
			buildActionMask = 2147483647;
			files = (
			);
			runOnlyForDeploymentPostprocessing = 0;
		};
		457AB3431D7D44DA007C7E13 /* Frameworks */ = {
			isa = PBXFrameworksBuildPhase;
			buildActionMask = 2147483647;
			files = (
			);
			runOnlyForDeploymentPostprocessing = 0;
		};
/* End PBXFrameworksBuildPhase section */

/* Begin PBXGroup section */
		451D10831D7D5C9D00D74664 /* Add */ = {
			isa = PBXGroup;
			children = (
				451D10841D7D5C9D00D74664 /* Controller */,
				451D10851D7D5C9D00D74664 /* Model */,
				451D10861D7D5C9D00D74664 /* View */,
			);
			path = Add;
			sourceTree = "<group>";
		};
		451D10841D7D5C9D00D74664 /* Controller */ = {
			isa = PBXGroup;
			children = (
				451D10891D7D5D0700D74664 /* AddController.swift */,
				451D10871D7D5CF600D74664 /* AddController.storyboard */,
			);
			path = Controller;
			sourceTree = "<group>";
		};
		451D10851D7D5C9D00D74664 /* Model */ = {
			isa = PBXGroup;
			children = (
			);
			path = Model;
			sourceTree = "<group>";
		};
		451D10861D7D5C9D00D74664 /* View */ = {
			isa = PBXGroup;
			children = (
			);
			path = View;
			sourceTree = "<group>";
		};
		457AB31B1D7D44DA007C7E13 = {
			isa = PBXGroup;
			children = (
				457AB3261D7D44DA007C7E13 /* AskProject */,
				457AB33E1D7D44DA007C7E13 /* AskProjectTests */,
				457AB3491D7D44DA007C7E13 /* AskProjectUITests */,
				457AB3251D7D44DA007C7E13 /* Products */,
			);
			sourceTree = "<group>";
		};
		457AB3251D7D44DA007C7E13 /* Products */ = {
			isa = PBXGroup;
			children = (
				457AB3241D7D44DA007C7E13 /* AskProject.app */,
				457AB33B1D7D44DA007C7E13 /* AskProjectTests.xctest */,
				457AB3461D7D44DA007C7E13 /* AskProjectUITests.xctest */,
			);
			name = Products;
			sourceTree = "<group>";
		};
		457AB3261D7D44DA007C7E13 /* AskProject */ = {
			isa = PBXGroup;
			children = (
				457AB3631D7D4675007C7E13 /* Common */,
				457AB3671D7D4675007C7E13 /* HeaderFile */,
				457AB3681D7D4675007C7E13 /* ThirdLibrary */,
				457AB3621D7D45AF007C7E13 /* Main */,
				451D108B1D7D5EAF00D74664 /* MainTabBar.swift */,
				454EC4F71D7E66E600C86EAB /* MainTabBar.storyboard */,
				457AB35C1D7D459F007C7E13 /* Login */,
				457AB3581D7D459F007C7E13 /* Home */,
				451D10831D7D5C9D00D74664 /* Add */,
				457AB35E1D7D459F007C7E13 /* Mine */,
				457AB3311D7D44DA007C7E13 /* Assets.xcassets */,
				457AB3331D7D44DA007C7E13 /* LaunchScreen.storyboard */,
				457AB3361D7D44DA007C7E13 /* Info.plist */,
				457AB32E1D7D44DA007C7E13 /* AskProject.xcdatamodeld */,
			);
			path = AskProject;
			sourceTree = "<group>";
		};
		457AB33E1D7D44DA007C7E13 /* AskProjectTests */ = {
			isa = PBXGroup;
			children = (
				457AB33F1D7D44DA007C7E13 /* AskProjectTests.swift */,
				457AB3411D7D44DA007C7E13 /* Info.plist */,
			);
			path = AskProjectTests;
			sourceTree = "<group>";
		};
		457AB3491D7D44DA007C7E13 /* AskProjectUITests */ = {
			isa = PBXGroup;
			children = (
				457AB34A1D7D44DA007C7E13 /* AskProjectUITests.swift */,
				457AB34C1D7D44DA007C7E13 /* Info.plist */,
			);
			path = AskProjectUITests;
			sourceTree = "<group>";
		};
		457AB3581D7D459F007C7E13 /* Home */ = {
			isa = PBXGroup;
			children = (
				457AB3591D7D459F007C7E13 /* Controller */,
				457AB35A1D7D459F007C7E13 /* Model */,
				457AB35B1D7D459F007C7E13 /* View */,
			);
			path = Home;
			sourceTree = "<group>";
		};
		457AB3591D7D459F007C7E13 /* Controller */ = {
			isa = PBXGroup;
			children = (
				457AB3711D7D5060007C7E13 /* HomeController.swift */,
				451D107F1D7D5C4700D74664 /* HomeController.storyboard */,
				45041D431D815BE6005D7DDB /* SearchController.swift */,
				45041D451D815BF4005D7DDB /* SearchController.storyboard */,
			);
			path = Controller;
			sourceTree = "<group>";
		};
		457AB35A1D7D459F007C7E13 /* Model */ = {
			isa = PBXGroup;
			children = (
			);
			path = Model;
			sourceTree = "<group>";
		};
		457AB35B1D7D459F007C7E13 /* View */ = {
			isa = PBXGroup;
			children = (
				45631A2A1D8030B800FB7902 /* RecommentCell.swift */,
				45041D471D817092005D7DDB /* SearchCell.swift */,
			);
			path = View;
			sourceTree = "<group>";
		};
		457AB35C1D7D459F007C7E13 /* Login */ = {
			isa = PBXGroup;
			children = (
				457AB35D1D7D459F007C7E13 /* Controller */,
			);
			path = Login;
			sourceTree = "<group>";
		};
		457AB35D1D7D459F007C7E13 /* Controller */ = {
			isa = PBXGroup;
			children = (
				451D108F1D7D8ECD00D74664 /* LoginController.swift */,
				457AB3771D7D5382007C7E13 /* LoginController.storyboard */,
			);
			path = Controller;
			sourceTree = "<group>";
		};
		457AB35E1D7D459F007C7E13 /* Mine */ = {
			isa = PBXGroup;
			children = (
				457AB35F1D7D459F007C7E13 /* Controller */,
				457AB3601D7D459F007C7E13 /* Model */,
				457AB3611D7D459F007C7E13 /* View */,
			);
			path = Mine;
			sourceTree = "<group>";
		};
		457AB35F1D7D459F007C7E13 /* Controller */ = {
			isa = PBXGroup;
			children = (
				457AB36F1D7D5040007C7E13 /* MineController.swift */,
				451D10811D7D5C5000D74664 /* MineController.storyboard */,
				45041D411D810D03005D7DDB /* HeadController.swift */,
				45041D3B1D810CB4005D7DDB /* HeadController.storyboard */,
				45041D3F1D810CEF005D7DDB /* SettingController.swift */,
				45041D3D1D810CC3005D7DDB /* SettingController.storyboard */,
				458325FD1D83B71800CF7C2C /* CareQuestionController.swift */,
				458325FF1D83B73900CF7C2C /* CareQuestionController.storyboard */,
			);
			path = Controller;
			sourceTree = "<group>";
		};
		457AB3601D7D459F007C7E13 /* Model */ = {
			isa = PBXGroup;
			children = (
				45631A221D7FC14A00FB7902 /* MineData.swift */,
				45631A241D7FC53300FB7902 /* MineModel.swift */,
				45631A281D801E1300FB7902 /* MineBigModel.swift */,
			);
			path = Model;
			sourceTree = "<group>";
		};
		457AB3611D7D459F007C7E13 /* View */ = {
			isa = PBXGroup;
			children = (
				45631A261D7FEE1000FB7902 /* MineCell.swift */,
			);
			path = View;
			sourceTree = "<group>";
		};
		457AB3621D7D45AF007C7E13 /* Main */ = {
			isa = PBXGroup;
			children = (
				457AB3271D7D44DA007C7E13 /* AppDelegate.swift */,
				457AB32B1D7D44DA007C7E13 /* Main.storyboard */,
			);
			name = Main;
			sourceTree = "<group>";
		};
		457AB3631D7D4675007C7E13 /* Common */ = {
			isa = PBXGroup;
			children = (
				457AB3641D7D4675007C7E13 /* Controller */,
				457AB3651D7D4675007C7E13 /* Model */,
				457AB3661D7D4675007C7E13 /* View */,
			);
			path = Common;
			sourceTree = "<group>";
		};
		457AB3641D7D4675007C7E13 /* Controller */ = {
			isa = PBXGroup;
			children = (
			);
			path = Controller;
			sourceTree = "<group>";
		};
		457AB3651D7D4675007C7E13 /* Model */ = {
			isa = PBXGroup;
			children = (
			);
			path = Model;
			sourceTree = "<group>";
		};
		457AB3661D7D4675007C7E13 /* View */ = {
			isa = PBXGroup;
			children = (
				451D108D1D7D5F3800D74664 /* UIButton+Extension.swift */,
				454EC4FD1D7E92C600C86EAB /* TitleButton.swift */,
			);
			path = View;
			sourceTree = "<group>";
		};
		457AB3671D7D4675007C7E13 /* HeaderFile */ = {
			isa = PBXGroup;
			children = (
				454EC5011D7EACE600C86EAB /* CommonFile.swift */,
			);
			path = HeaderFile;
			sourceTree = "<group>";
		};
		457AB3681D7D4675007C7E13 /* ThirdLibrary */ = {
			isa = PBXGroup;
			children = (
			);
			path = ThirdLibrary;
			sourceTree = "<group>";
		};
/* End PBXGroup section */

/* Begin PBXNativeTarget section */
		457AB3231D7D44DA007C7E13 /* AskProject */ = {
			isa = PBXNativeTarget;
			buildConfigurationList = 457AB34F1D7D44DA007C7E13 /* Build configuration list for PBXNativeTarget "AskProject" */;
			buildPhases = (
				457AB3201D7D44DA007C7E13 /* Sources */,
				457AB3211D7D44DA007C7E13 /* Frameworks */,
				457AB3221D7D44DA007C7E13 /* Resources */,
			);
			buildRules = (
			);
			dependencies = (
			);
			name = AskProject;
			productName = AskProject;
			productReference = 457AB3241D7D44DA007C7E13 /* AskProject.app */;
			productType = "com.apple.product-type.application";
		};
		457AB33A1D7D44DA007C7E13 /* AskProjectTests */ = {
			isa = PBXNativeTarget;
			buildConfigurationList = 457AB3521D7D44DA007C7E13 /* Build configuration list for PBXNativeTarget "AskProjectTests" */;
			buildPhases = (
				457AB3371D7D44DA007C7E13 /* Sources */,
				457AB3381D7D44DA007C7E13 /* Frameworks */,
				457AB3391D7D44DA007C7E13 /* Resources */,
			);
			buildRules = (
			);
			dependencies = (
				457AB33D1D7D44DA007C7E13 /* PBXTargetDependency */,
			);
			name = AskProjectTests;
			productName = AskProjectTests;
			productReference = 457AB33B1D7D44DA007C7E13 /* AskProjectTests.xctest */;
			productType = "com.apple.product-type.bundle.unit-test";
		};
		457AB3451D7D44DA007C7E13 /* AskProjectUITests */ = {
			isa = PBXNativeTarget;
			buildConfigurationList = 457AB3551D7D44DA007C7E13 /* Build configuration list for PBXNativeTarget "AskProjectUITests" */;
			buildPhases = (
				457AB3421D7D44DA007C7E13 /* Sources */,
				457AB3431D7D44DA007C7E13 /* Frameworks */,
				457AB3441D7D44DA007C7E13 /* Resources */,
			);
			buildRules = (
			);
			dependencies = (
				457AB3481D7D44DA007C7E13 /* PBXTargetDependency */,
			);
			name = AskProjectUITests;
			productName = AskProjectUITests;
			productReference = 457AB3461D7D44DA007C7E13 /* AskProjectUITests.xctest */;
			productType = "com.apple.product-type.bundle.ui-testing";
		};
/* End PBXNativeTarget section */

/* Begin PBXProject section */
		457AB31C1D7D44DA007C7E13 /* Project object */ = {
			isa = PBXProject;
			attributes = {
				LastSwiftUpdateCheck = 0730;
				LastUpgradeCheck = 0730;
				ORGANIZATIONNAME = bjike;
				TargetAttributes = {
					457AB3231D7D44DA007C7E13 = {
						CreatedOnToolsVersion = 7.3.1;
					};
					457AB33A1D7D44DA007C7E13 = {
						CreatedOnToolsVersion = 7.3.1;
						TestTargetID = 457AB3231D7D44DA007C7E13;
					};
					457AB3451D7D44DA007C7E13 = {
						CreatedOnToolsVersion = 7.3.1;
						TestTargetID = 457AB3231D7D44DA007C7E13;
					};
				};
			};
			buildConfigurationList = 457AB31F1D7D44DA007C7E13 /* Build configuration list for PBXProject "AskProject" */;
			compatibilityVersion = "Xcode 3.2";
			developmentRegion = English;
			hasScannedForEncodings = 0;
			knownRegions = (
				en,
				Base,
			);
			mainGroup = 457AB31B1D7D44DA007C7E13;
			productRefGroup = 457AB3251D7D44DA007C7E13 /* Products */;
			projectDirPath = "";
			projectRoot = "";
			targets = (
				457AB3231D7D44DA007C7E13 /* AskProject */,
				457AB33A1D7D44DA007C7E13 /* AskProjectTests */,
				457AB3451D7D44DA007C7E13 /* AskProjectUITests */,
			);
		};
/* End PBXProject section */

/* Begin PBXResourcesBuildPhase section */
		457AB3221D7D44DA007C7E13 /* Resources */ = {
			isa = PBXResourcesBuildPhase;
			buildActionMask = 2147483647;
			files = (
				457AB3351D7D44DA007C7E13 /* LaunchScreen.storyboard in Resources */,
				451D10821D7D5C5000D74664 /* MineController.storyboard in Resources */,
				457AB3781D7D5382007C7E13 /* LoginController.storyboard in Resources */,
				451D10881D7D5CF600D74664 /* AddController.storyboard in Resources */,
				45041D3C1D810CB4005D7DDB /* HeadController.storyboard in Resources */,
				458326001D83B73900CF7C2C /* CareQuestionController.storyboard in Resources */,
				451D10801D7D5C4700D74664 /* HomeController.storyboard in Resources */,
				454EC4F81D7E66E600C86EAB /* MainTabBar.storyboard in Resources */,
				457AB3321D7D44DA007C7E13 /* Assets.xcassets in Resources */,
				45041D461D815BF4005D7DDB /* SearchController.storyboard in Resources */,
				457AB32D1D7D44DA007C7E13 /* Main.storyboard in Resources */,
				45041D3E1D810CC3005D7DDB /* SettingController.storyboard in Resources */,
			);
			runOnlyForDeploymentPostprocessing = 0;
		};
		457AB3391D7D44DA007C7E13 /* Resources */ = {
			isa = PBXResourcesBuildPhase;
			buildActionMask = 2147483647;
			files = (
			);
			runOnlyForDeploymentPostprocessing = 0;
		};
		457AB3441D7D44DA007C7E13 /* Resources */ = {
			isa = PBXResourcesBuildPhase;
			buildActionMask = 2147483647;
			files = (
			);
			runOnlyForDeploymentPostprocessing = 0;
		};
/* End PBXResourcesBuildPhase section */

/* Begin PBXSourcesBuildPhase section */
		457AB3201D7D44DA007C7E13 /* Sources */ = {
			isa = PBXSourcesBuildPhase;
			buildActionMask = 2147483647;
			files = (
				457AB3721D7D5060007C7E13 /* HomeController.swift in Sources */,
				45631A2B1D8030B800FB7902 /* RecommentCell.swift in Sources */,
				451D108C1D7D5EAF00D74664 /* MainTabBar.swift in Sources */,
				45631A231D7FC14A00FB7902 /* MineData.swift in Sources */,
				45041D481D817092005D7DDB /* SearchCell.swift in Sources */,
				45041D401D810CEF005D7DDB /* SettingController.swift in Sources */,
				458325FE1D83B71800CF7C2C /* CareQuestionController.swift in Sources */,
				454EC5021D7EACE600C86EAB /* CommonFile.swift in Sources */,
				457AB3281D7D44DA007C7E13 /* AppDelegate.swift in Sources */,
				45041D441D815BE6005D7DDB /* SearchController.swift in Sources */,
				451D108A1D7D5D0700D74664 /* AddController.swift in Sources */,
				454EC4FE1D7E92C600C86EAB /* TitleButton.swift in Sources */,
				45041D421D810D03005D7DDB /* HeadController.swift in Sources */,
				451D108E1D7D5F3800D74664 /* UIButton+Extension.swift in Sources */,
				45631A271D7FEE1000FB7902 /* MineCell.swift in Sources */,
				45631A251D7FC53300FB7902 /* MineModel.swift in Sources */,
				451D10901D7D8ECD00D74664 /* LoginController.swift in Sources */,
				457AB3701D7D5040007C7E13 /* MineController.swift in Sources */,
				457AB3301D7D44DA007C7E13 /* AskProject.xcdatamodeld in Sources */,
				45631A291D801E1300FB7902 /* MineBigModel.swift in Sources */,
			);
			runOnlyForDeploymentPostprocessing = 0;
		};
		457AB3371D7D44DA007C7E13 /* Sources */ = {
			isa = PBXSourcesBuildPhase;
			buildActionMask = 2147483647;
			files = (
				457AB3401D7D44DA007C7E13 /* AskProjectTests.swift in Sources */,
			);
			runOnlyForDeploymentPostprocessing = 0;
		};
		457AB3421D7D44DA007C7E13 /* Sources */ = {
			isa = PBXSourcesBuildPhase;
			buildActionMask = 2147483647;
			files = (
				457AB34B1D7D44DA007C7E13 /* AskProjectUITests.swift in Sources */,
			);
			runOnlyForDeploymentPostprocessing = 0;
		};
/* End PBXSourcesBuildPhase section */

/* Begin PBXTargetDependency section */
		457AB33D1D7D44DA007C7E13 /* PBXTargetDependency */ = {
			isa = PBXTargetDependency;
			target = 457AB3231D7D44DA007C7E13 /* AskProject */;
			targetProxy = 457AB33C1D7D44DA007C7E13 /* PBXContainerItemProxy */;
		};
		457AB3481D7D44DA007C7E13 /* PBXTargetDependency */ = {
			isa = PBXTargetDependency;
			target = 457AB3231D7D44DA007C7E13 /* AskProject */;
			targetProxy = 457AB3471D7D44DA007C7E13 /* PBXContainerItemProxy */;
		};
/* End PBXTargetDependency section */

/* Begin PBXVariantGroup section */
		457AB32B1D7D44DA007C7E13 /* Main.storyboard */ = {
			isa = PBXVariantGroup;
			children = (
				457AB32C1D7D44DA007C7E13 /* Base */,
			);
			name = Main.storyboard;
			sourceTree = "<group>";
		};
		457AB3331D7D44DA007C7E13 /* LaunchScreen.storyboard */ = {
			isa = PBXVariantGroup;
			children = (
				457AB3341D7D44DA007C7E13 /* Base */,
			);
			name = LaunchScreen.storyboard;
			sourceTree = "<group>";
		};
/* End PBXVariantGroup section */

/* Begin XCBuildConfiguration section */
		457AB34D1D7D44DA007C7E13 /* Debug */ = {
			isa = XCBuildConfiguration;
			buildSettings = {
				ALWAYS_SEARCH_USER_PATHS = NO;
				CLANG_ANALYZER_NONNULL = YES;
				CLANG_CXX_LANGUAGE_STANDARD = "gnu++0x";
				CLANG_CXX_LIBRARY = "libc++";
				CLANG_ENABLE_MODULES = YES;
				CLANG_ENABLE_OBJC_ARC = YES;
				CLANG_WARN_BOOL_CONVERSION = YES;
				CLANG_WARN_CONSTANT_CONVERSION = YES;
				CLANG_WARN_DIRECT_OBJC_ISA_USAGE = YES_ERROR;
				CLANG_WARN_EMPTY_BODY = YES;
				CLANG_WARN_ENUM_CONVERSION = YES;
				CLANG_WARN_INT_CONVERSION = YES;
				CLANG_WARN_OBJC_ROOT_CLASS = YES_ERROR;
				CLANG_WARN_UNREACHABLE_CODE = YES;
				CLANG_WARN__DUPLICATE_METHOD_MATCH = YES;
				"CODE_SIGN_IDENTITY[sdk=iphoneos*]" = "iPhone Developer";
				COPY_PHASE_STRIP = NO;
				DEBUG_INFORMATION_FORMAT = dwarf;
				ENABLE_STRICT_OBJC_MSGSEND = YES;
				ENABLE_TESTABILITY = YES;
				GCC_C_LANGUAGE_STANDARD = gnu99;
				GCC_DYNAMIC_NO_PIC = NO;
				GCC_NO_COMMON_BLOCKS = YES;
				GCC_OPTIMIZATION_LEVEL = 0;
				GCC_PREPROCESSOR_DEFINITIONS = (
					"DEBUG=1",
					"$(inherited)",
				);
				GCC_WARN_64_TO_32_BIT_CONVERSION = YES;
				GCC_WARN_ABOUT_RETURN_TYPE = YES_ERROR;
				GCC_WARN_UNDECLARED_SELECTOR = YES;
				GCC_WARN_UNINITIALIZED_AUTOS = YES_AGGRESSIVE;
				GCC_WARN_UNUSED_FUNCTION = YES;
				GCC_WARN_UNUSED_VARIABLE = YES;
				IPHONEOS_DEPLOYMENT_TARGET = 9.3;
				MTL_ENABLE_DEBUG_INFO = YES;
				ONLY_ACTIVE_ARCH = YES;
				SDKROOT = iphoneos;
				SWIFT_OPTIMIZATION_LEVEL = "-Onone";
				TARGETED_DEVICE_FAMILY = "1,2";
			};
			name = Debug;
		};
		457AB34E1D7D44DA007C7E13 /* Release */ = {
			isa = XCBuildConfiguration;
			buildSettings = {
				ALWAYS_SEARCH_USER_PATHS = NO;
				CLANG_ANALYZER_NONNULL = YES;
				CLANG_CXX_LANGUAGE_STANDARD = "gnu++0x";
				CLANG_CXX_LIBRARY = "libc++";
				CLANG_ENABLE_MODULES = YES;
				CLANG_ENABLE_OBJC_ARC = YES;
				CLANG_WARN_BOOL_CONVERSION = YES;
				CLANG_WARN_CONSTANT_CONVERSION = YES;
				CLANG_WARN_DIRECT_OBJC_ISA_USAGE = YES_ERROR;
				CLANG_WARN_EMPTY_BODY = YES;
				CLANG_WARN_ENUM_CONVERSION = YES;
				CLANG_WARN_INT_CONVERSION = YES;
				CLANG_WARN_OBJC_ROOT_CLASS = YES_ERROR;
				CLANG_WARN_UNREACHABLE_CODE = YES;
				CLANG_WARN__DUPLICATE_METHOD_MATCH = YES;
				"CODE_SIGN_IDENTITY[sdk=iphoneos*]" = "iPhone Developer";
				COPY_PHASE_STRIP = NO;
				DEBUG_INFORMATION_FORMAT = "dwarf-with-dsym";
				ENABLE_NS_ASSERTIONS = NO;
				ENABLE_STRICT_OBJC_MSGSEND = YES;
				GCC_C_LANGUAGE_STANDARD = gnu99;
				GCC_NO_COMMON_BLOCKS = YES;
				GCC_WARN_64_TO_32_BIT_CONVERSION = YES;
				GCC_WARN_ABOUT_RETURN_TYPE = YES_ERROR;
				GCC_WARN_UNDECLARED_SELECTOR = YES;
				GCC_WARN_UNINITIALIZED_AUTOS = YES_AGGRESSIVE;
				GCC_WARN_UNUSED_FUNCTION = YES;
				GCC_WARN_UNUSED_VARIABLE = YES;
				IPHONEOS_DEPLOYMENT_TARGET = 9.3;
				MTL_ENABLE_DEBUG_INFO = NO;
				SDKROOT = iphoneos;
				TARGETED_DEVICE_FAMILY = "1,2";
				VALIDATE_PRODUCT = YES;
			};
			name = Release;
		};
		457AB3501D7D44DA007C7E13 /* Debug */ = {
			isa = XCBuildConfiguration;
			buildSettings = {
				ASSETCATALOG_COMPILER_APPICON_NAME = AppIcon;
				CLANG_ENABLE_OBJC_WEAK = YES;
				INFOPLIST_FILE = AskProject/Info.plist;
				LD_RUNPATH_SEARCH_PATHS = "$(inherited) @executable_path/Frameworks";
				PRODUCT_BUNDLE_IDENTIFIER = gxy.AskProject;
				PRODUCT_NAME = "$(TARGET_NAME)";
				TARGETED_DEVICE_FAMILY = 1;
			};
			name = Debug;
		};
		457AB3511D7D44DA007C7E13 /* Release */ = {
			isa = XCBuildConfiguration;
			buildSettings = {
				ASSETCATALOG_COMPILER_APPICON_NAME = AppIcon;
				CLANG_ENABLE_OBJC_WEAK = YES;
				INFOPLIST_FILE = AskProject/Info.plist;
				LD_RUNPATH_SEARCH_PATHS = "$(inherited) @executable_path/Frameworks";
				PRODUCT_BUNDLE_IDENTIFIER = gxy.AskProject;
				PRODUCT_NAME = "$(TARGET_NAME)";
				TARGETED_DEVICE_FAMILY = 1;
			};
			name = Release;
		};
		457AB3531D7D44DA007C7E13 /* Debug */ = {
			isa = XCBuildConfiguration;
			buildSettings = {
				BUNDLE_LOADER = "$(TEST_HOST)";
				INFOPLIST_FILE = AskProjectTests/Info.plist;
				LD_RUNPATH_SEARCH_PATHS = "$(inherited) @executable_path/Frameworks @loader_path/Frameworks";
				PRODUCT_BUNDLE_IDENTIFIER = gxy.AskProjectTests;
				PRODUCT_NAME = "$(TARGET_NAME)";
				TEST_HOST = "$(BUILT_PRODUCTS_DIR)/AskProject.app/AskProject";
			};
			name = Debug;
		};
		457AB3541D7D44DA007C7E13 /* Release */ = {
			isa = XCBuildConfiguration;
			buildSettings = {
				BUNDLE_LOADER = "$(TEST_HOST)";
				INFOPLIST_FILE = AskProjectTests/Info.plist;
				LD_RUNPATH_SEARCH_PATHS = "$(inherited) @executable_path/Frameworks @loader_path/Frameworks";
				PRODUCT_BUNDLE_IDENTIFIER = gxy.AskProjectTests;
				PRODUCT_NAME = "$(TARGET_NAME)";
				TEST_HOST = "$(BUILT_PRODUCTS_DIR)/AskProject.app/AskProject";
			};
			name = Release;
		};
		457AB3561D7D44DA007C7E13 /* Debug */ = {
			isa = XCBuildConfiguration;
			buildSettings = {
				INFOPLIST_FILE = AskProjectUITests/Info.plist;
				LD_RUNPATH_SEARCH_PATHS = "$(inherited) @executable_path/Frameworks @loader_path/Frameworks";
				PRODUCT_BUNDLE_IDENTIFIER = gxy.AskProjectUITests;
				PRODUCT_NAME = "$(TARGET_NAME)";
				TEST_TARGET_NAME = AskProject;
			};
			name = Debug;
		};
		457AB3571D7D44DA007C7E13 /* Release */ = {
			isa = XCBuildConfiguration;
			buildSettings = {
				INFOPLIST_FILE = AskProjectUITests/Info.plist;
				LD_RUNPATH_SEARCH_PATHS = "$(inherited) @executable_path/Frameworks @loader_path/Frameworks";
				PRODUCT_BUNDLE_IDENTIFIER = gxy.AskProjectUITests;
				PRODUCT_NAME = "$(TARGET_NAME)";
				TEST_TARGET_NAME = AskProject;
			};
			name = Release;
		};
/* End XCBuildConfiguration section */

/* Begin XCConfigurationList section */
		457AB31F1D7D44DA007C7E13 /* Build configuration list for PBXProject "AskProject" */ = {
			isa = XCConfigurationList;
			buildConfigurations = (
				457AB34D1D7D44DA007C7E13 /* Debug */,
				457AB34E1D7D44DA007C7E13 /* Release */,
			);
			defaultConfigurationIsVisible = 0;
			defaultConfigurationName = Release;
		};
		457AB34F1D7D44DA007C7E13 /* Build configuration list for PBXNativeTarget "AskProject" */ = {
			isa = XCConfigurationList;
			buildConfigurations = (
				457AB3501D7D44DA007C7E13 /* Debug */,
				457AB3511D7D44DA007C7E13 /* Release */,
			);
			defaultConfigurationIsVisible = 0;
			defaultConfigurationName = Release;
		};
		457AB3521D7D44DA007C7E13 /* Build configuration list for PBXNativeTarget "AskProjectTests" */ = {
			isa = XCConfigurationList;
			buildConfigurations = (
				457AB3531D7D44DA007C7E13 /* Debug */,
				457AB3541D7D44DA007C7E13 /* Release */,
			);
			defaultConfigurationIsVisible = 0;
			defaultConfigurationName = Release;
		};
		457AB3551D7D44DA007C7E13 /* Build configuration list for PBXNativeTarget "AskProjectUITests" */ = {
			isa = XCConfigurationList;
			buildConfigurations = (
				457AB3561D7D44DA007C7E13 /* Debug */,
				457AB3571D7D44DA007C7E13 /* Release */,
			);
			defaultConfigurationIsVisible = 0;
			defaultConfigurationName = Release;
		};
/* End XCConfigurationList section */

/* Begin XCVersionGroup section */
		457AB32E1D7D44DA007C7E13 /* AskProject.xcdatamodeld */ = {
			isa = XCVersionGroup;
			children = (
				457AB32F1D7D44DA007C7E13 /* AskProject.xcdatamodel */,
			);
			currentVersion = 457AB32F1D7D44DA007C7E13 /* AskProject.xcdatamodel */;
			path = AskProject.xcdatamodeld;
			sourceTree = "<group>";
			versionGroupType = wrapper.xcdatamodel;
		};
/* End XCVersionGroup section */
	};
	rootObject = 457AB31C1D7D44DA007C7E13 /* Project object */;
}
